<?xml version="1.0" encoding="utf-8"?>
<Project ToolsVersion="4.0" xmlns="http://schemas.microsoft.com/developer/msbuild/2003">
  <ItemGroup>
    <Filter Include="소스 파일">
      <UniqueIdentifier>{4FC737F1-C7A5-4376-A066-2A32D752A2FF}</UniqueIdentifier>
      <Extensions>cpp;c;cc;cxx;c++;cppm;ixx;def;odl;idl;hpj;bat;asm;asmx</Extensions>
    </Filter>
    <Filter Include="헤더 파일">
      <UniqueIdentifier>{93995380-89BD-4b04-88EB-625FBE52EBFB}</UniqueIdentifier>
      <Extensions>h;hh;hpp;hxx;h++;hm;inl;inc;ipp;xsd</Extensions>
    </Filter>
    <Filter Include="리소스 파일">
      <UniqueIdentifier>{67DA6AB6-F800-4c08-8B7A-83BB121AAD01}</UniqueIdentifier>
      <Extensions>rc;ico;cur;bmp;dlg;rc2;rct;bin;rgs;gif;jpg;jpeg;jpe;resx;tiff;tif;png;wav;mfcribbon-ms</Extensions>
    </Filter>
    <Filter Include="Common">
      <UniqueIdentifier>{b3637b63-40b9-4374-b6d7-803e31b4ee01}</UniqueIdentifier>
    </Filter>
    <Filter Include="Common\Textture">
      <UniqueIdentifier>{ebd589cb-f7ab-4f0f-92ff-0e7ab0af8c07}</UniqueIdentifier>
    </Filter>
  </ItemGroup>
  <ItemGroup>
    <ClInclude Include="framework.h">
      <Filter>헤더 파일</Filter>
    </ClInclude>
    <ClInclude Include="targetver.h">
      <Filter>헤더 파일</Filter>
    </ClInclude>
    <ClInclude Include="Resource.h">
      <Filter>헤더 파일</Filter>
    </ClInclude>
    <ClInclude Include="CK_DX_03_03_TextureBox.h">
      <Filter>헤더 파일</Filter>
    </ClInclude>
    <ClInclude Include="..\CommonNew\d3dApp.h">
      <Filter>Common</Filter>
    </ClInclude>
    <ClInclude Include="..\CommonNew\d3dUtil.h">
      <Filter>Common</Filter>
    </ClInclude>
    <ClInclude Include="..\CommonNew\d3dx11effect.h">
      <Filter>Common</Filter>
    </ClInclude>
    <ClInclude Include="..\CommonNew\d3dxGlobal.h">
      <Filter>Common</Filter>
    </ClInclude>
    <ClInclude Include="..\CommonNew\dxerr.h">
      <Filter>Common</Filter>
    </ClInclude>
    <ClInclude Include="..\CommonNew\GameTimer.h">
      <Filter>Common</Filter>
    </ClInclude>
    <ClInclude Include="..\CommonNew\GeometryGenerator.h">
      <Filter>Common</Filter>
    </ClInclude>
    <ClInclude Include="..\CommonNew\LightHelper.h">
      <Filter>Common</Filter>
    </ClInclude>
    <ClInclude Include="..\CommonNew\MathHelper.h">
      <Filter>Common</Filter>
    </ClInclude>
    <ClInclude Include="..\CommonNew\Waves.h">
      <Filter>Common</Filter>
    </ClInclude>
    <ClInclude Include="Effects.h">
      <Filter>헤더 파일</Filter>
    </ClInclude>
    <ClInclude Include="Vertex.h">
      <Filter>헤더 파일</Filter>
    </ClInclude>
    <ClInclude Include="..\CommonNew\Tex\DDSTextureLoader.h">
      <Filter>Common\Textture</Filter>
    </ClInclude>
  </ItemGroup>
  <ItemGroup>
    <ClCompile Include="CK_DX_03_03_TextureBox.cpp">
      <Filter>소스 파일</Filter>
    </ClCompile>
    <ClCompile Include="..\CommonNew\d3dApp.cpp">
      <Filter>Common</Filter>
    </ClCompile>
    <ClCompile Include="..\CommonNew\d3dUtil.cpp">
      <Filter>Common</Filter>
    </ClCompile>
    <ClCompile Include="..\CommonNew\dxerr.cpp">
      <Filter>Common</Filter>
    </ClCompile>
    <ClCompile Include="..\CommonNew\GameTimer.cpp">
      <Filter>Common</Filter>
    </ClCompile>
    <ClCompile Include="..\CommonNew\GeometryGenerator.cpp">
      <Filter>Common</Filter>
    </ClCompile>
    <ClCompile Include="..\CommonNew\LightHelper.cpp">
      <Filter>Common</Filter>
    </ClCompile>
    <ClCompile Include="..\CommonNew\MathHelper.cpp">
      <Filter>Common</Filter>
    </ClCompile>
    <ClCompile Include="..\CommonNew\Waves.cpp">
      <Filter>Common</Filter>
    </ClCompile>
    <ClCompile Include="Effects.cpp">
      <Filter>소스 파일</Filter>
    </ClCompile>
    <ClCompile Include="Vertex.cpp">
      <Filter>소스 파일</Filter>
    </ClCompile>
    <ClCompile Include="..\CommonNew\Tex\DDSTextureLoader.cpp">
      <Filter>Common\Textture</Filter>
    </ClCompile>
  </ItemGroup>
  <ItemGroup>
    <ResourceCompile Include="CK_DX_03_03_TextureBox.rc">
      <Filter>리소스 파일</Filter>
    </ResourceCompile>
  </ItemGroup>
  <ItemGroup>
    <Image Include="small.ico">
      <Filter>리소스 파일</Filter>
    </Image>
    <Image Include="CK_DX_03_03_TextureBox.ico">
      <Filter>리소스 파일</Filter>
    </Image>
  </ItemGroup>
</Project>