
Microsoft Visual Studio Solution File, Format Version 12.00
# Visual Studio Version 17
VisualStudioVersion = 17.3.32929.385
MinimumVisualStudioVersion = 10.0.40219.1
Project("{FAE04EC0-301F-11D3-BF4B-00C04F79EFBC}") = "Client2", "Client2.csproj", "{438DC6F0-D13D-492E-81E9-76669370D6DF}"
EndProject
Global
	GlobalSection(SolutionConfigurationPlatforms) = preSolution
		Debug|Any CPU = Debug|Any CPU
		Release|Any CPU = Release|Any CPU
	EndGlobalSection
	GlobalSection(ProjectConfigurationPlatforms) = postSolution
		{438DC6F0-D13D-492E-81E9-76669370D6DF}.Debug|Any CPU.ActiveCfg = Debug|Any CPU
		{438DC6F0-D13D-492E-81E9-76669370D6DF}.Debug|Any CPU.Build.0 = Debug|Any CPU
		{438DC6F0-D13D-492E-81E9-76669370D6DF}.Release|Any CPU.ActiveCfg = Release|Any CPU
		{438DC6F0-D13D-492E-81E9-76669370D6DF}.Release|Any CPU.Build.0 = Release|Any CPU
	EndGlobalSection
	GlobalSection(SolutionProperties) = preSolution
		HideSolutionNode = FALSE
	EndGlobalSection
	GlobalSection(ExtensibilityGlobals) = postSolution
		SolutionGuid = {E86C197C-235B-4D35-BE81-ABC82E4EE0A6}
	EndGlobalSection
EndGlobal
