
Microsoft Visual Studio Solution File, Format Version 12.00
# Visual Studio Version 17
VisualStudioVersion = 17.3.32929.385
MinimumVisualStudioVersion = 10.0.40219.1
Project("{9A19103F-16F7-4668-BE54-9A1E7A4F7556}") = "NetworkTest_Server", "NetworkTest_Server.csproj", "{204C4701-B36A-4476-A032-8482187EF2EA}"
EndProject
Project("{FAE04EC0-301F-11D3-BF4B-00C04F79EFBC}") = "NetworkTest_Client", "..\NetworkTest_Client\NetworkTest_Client.csproj", "{48BC83C2-F6FA-4EAD-A7F3-5A5D73A4079A}"
EndProject
Global
	GlobalSection(SolutionConfigurationPlatforms) = preSolution
		Debug|Any CPU = Debug|Any CPU
		Release|Any CPU = Release|Any CPU
	EndGlobalSection
	GlobalSection(ProjectConfigurationPlatforms) = postSolution
		{204C4701-B36A-4476-A032-8482187EF2EA}.Debug|Any CPU.ActiveCfg = Debug|Any CPU
		{204C4701-B36A-4476-A032-8482187EF2EA}.Debug|Any CPU.Build.0 = Debug|Any CPU
		{204C4701-B36A-4476-A032-8482187EF2EA}.Release|Any CPU.ActiveCfg = Release|Any CPU
		{204C4701-B36A-4476-A032-8482187EF2EA}.Release|Any CPU.Build.0 = Release|Any CPU
		{48BC83C2-F6FA-4EAD-A7F3-5A5D73A4079A}.Debug|Any CPU.ActiveCfg = Debug|Any CPU
		{48BC83C2-F6FA-4EAD-A7F3-5A5D73A4079A}.Debug|Any CPU.Build.0 = Debug|Any CPU
		{48BC83C2-F6FA-4EAD-A7F3-5A5D73A4079A}.Release|Any CPU.ActiveCfg = Release|Any CPU
		{48BC83C2-F6FA-4EAD-A7F3-5A5D73A4079A}.Release|Any CPU.Build.0 = Release|Any CPU
	EndGlobalSection
	GlobalSection(SolutionProperties) = preSolution
		HideSolutionNode = FALSE
	EndGlobalSection
	GlobalSection(ExtensibilityGlobals) = postSolution
		SolutionGuid = {561BF095-0EFD-41EF-93CD-4D48EEA45F5A}
	EndGlobalSection
EndGlobal
