
Microsoft Visual Studio Solution File, Format Version 12.00
# Visual Studio Version 17
VisualStudioVersion = 17.3.32929.385
MinimumVisualStudioVersion = 10.0.40219.1
Project("{FAE04EC0-301F-11D3-BF4B-00C04F79EFBC}") = "Server", "Server.csproj", "{1F78C107-D9E3-462D-9601-EDEDEF269566}"
EndProject
Global
	GlobalSection(SolutionConfigurationPlatforms) = preSolution
		Debug|Any CPU = Debug|Any CPU
		Release|Any CPU = Release|Any CPU
	EndGlobalSection
	GlobalSection(ProjectConfigurationPlatforms) = postSolution
		{1F78C107-D9E3-462D-9601-EDEDEF269566}.Debug|Any CPU.ActiveCfg = Debug|Any CPU
		{1F78C107-D9E3-462D-9601-EDEDEF269566}.Debug|Any CPU.Build.0 = Debug|Any CPU
		{1F78C107-D9E3-462D-9601-EDEDEF269566}.Release|Any CPU.ActiveCfg = Release|Any CPU
		{1F78C107-D9E3-462D-9601-EDEDEF269566}.Release|Any CPU.Build.0 = Release|Any CPU
	EndGlobalSection
	GlobalSection(SolutionProperties) = preSolution
		HideSolutionNode = FALSE
	EndGlobalSection
	GlobalSection(ExtensibilityGlobals) = postSolution
		SolutionGuid = {972DBA2A-1CFA-41EA-B0B9-21D041941912}
	EndGlobalSection
EndGlobal
