
Microsoft Visual Studio Solution File, Format Version 12.00
# Visual Studio Version 17
VisualStudioVersion = 17.3.32929.385
MinimumVisualStudioVersion = 10.0.40219.1
Project("{FAE04EC0-301F-11D3-BF4B-00C04F79EFBC}") = "Just Twist_server", "Just Twist_server.csproj", "{432AA640-6612-4655-8701-E51F6FBDFFFA}"
EndProject
Project("{9A19103F-16F7-4668-BE54-9A1E7A4F7556}") = "Just Twist_client", "..\Just Twist_client\Just Twist_client.csproj", "{587297BC-9E3C-4C4A-AC1F-6DF9E89B9CEA}"
EndProject
Global
	GlobalSection(SolutionConfigurationPlatforms) = preSolution
		Debug|Any CPU = Debug|Any CPU
		Release|Any CPU = Release|Any CPU
	EndGlobalSection
	GlobalSection(ProjectConfigurationPlatforms) = postSolution
		{432AA640-6612-4655-8701-E51F6FBDFFFA}.Debug|Any CPU.ActiveCfg = Debug|Any CPU
		{432AA640-6612-4655-8701-E51F6FBDFFFA}.Debug|Any CPU.Build.0 = Debug|Any CPU
		{432AA640-6612-4655-8701-E51F6FBDFFFA}.Release|Any CPU.ActiveCfg = Release|Any CPU
		{432AA640-6612-4655-8701-E51F6FBDFFFA}.Release|Any CPU.Build.0 = Release|Any CPU
		{587297BC-9E3C-4C4A-AC1F-6DF9E89B9CEA}.Debug|Any CPU.ActiveCfg = Debug|Any CPU
		{587297BC-9E3C-4C4A-AC1F-6DF9E89B9CEA}.Debug|Any CPU.Build.0 = Debug|Any CPU
		{587297BC-9E3C-4C4A-AC1F-6DF9E89B9CEA}.Release|Any CPU.ActiveCfg = Release|Any CPU
		{587297BC-9E3C-4C4A-AC1F-6DF9E89B9CEA}.Release|Any CPU.Build.0 = Release|Any CPU
	EndGlobalSection
	GlobalSection(SolutionProperties) = preSolution
		HideSolutionNode = FALSE
	EndGlobalSection
	GlobalSection(ExtensibilityGlobals) = postSolution
		SolutionGuid = {8F6CF306-5603-4607-8ECC-9DAD769746AE}
	EndGlobalSection
EndGlobal
