
Microsoft Visual Studio Solution File, Format Version 12.00
# Visual Studio Version 17
VisualStudioVersion = 17.3.32929.385
MinimumVisualStudioVersion = 10.0.40219.1
Project("{9A19103F-16F7-4668-BE54-9A1E7A4F7556}") = "cs에서의 스레드 프로그램", "cs에서의 스레드 프로그램.csproj", "{D8F2C3C2-5091-49C3-B7C5-073D2BF5C047}"
EndProject
Project("{9A19103F-16F7-4668-BE54-9A1E7A4F7556}") = "스레드 실행과 완료 연습", "..\스레드 실행과 완료 연습\스레드 실행과 완료 연습.csproj", "{38E2895D-0FDB-43DD-9BDD-FF21B8A55D43}"
EndProject
Project("{9A19103F-16F7-4668-BE54-9A1E7A4F7556}") = "스레드의 우선 순위 변경", "..\스레드의 우선 순위 변경\스레드의 우선 순위 변경.csproj", "{F6A1621E-81F1-4376-80F8-C2E135CF45CB}"
EndProject
Project("{9A19103F-16F7-4668-BE54-9A1E7A4F7556}") = "cs 기반 스레드 프로그램에서의 인자 전달", "..\cs 기반 스레드 프로그램에서의 인자 전달\cs 기반 스레드 프로그램에서의 인자 전달.csproj", "{70087E7D-CFBE-4FFB-AED5-C04A73C90A21}"
EndProject
Project("{9A19103F-16F7-4668-BE54-9A1E7A4F7556}") = "스레드 동기화 프로그램 연습 1", "..\스레드 동기화 프로그램 연습 1\스레드 동기화 프로그램 연습 1.csproj", "{A60ED548-AF52-447E-9F36-AE62AE3A225D}"
EndProject
Project("{9A19103F-16F7-4668-BE54-9A1E7A4F7556}") = "스레드 동기화 프로그램 연습 2", "..\스레드 동기화 프로그램 연습 2\스레드 동기화 프로그램 연습 2.csproj", "{9F8B720C-A9F5-4621-8F1E-B8045454C645}"
EndProject
Project("{9A19103F-16F7-4668-BE54-9A1E7A4F7556}") = "스레드 동기화 프로그램 연습 3", "..\스레드 동기화 프로그램 연습 3\스레드 동기화 프로그램 연습 3.csproj", "{EBAF1B72-5970-4AF8-8B12-F9FC2F43A780}"
EndProject
Project("{9A19103F-16F7-4668-BE54-9A1E7A4F7556}") = "스레드 동기화 프로그램 연습 4", "..\스레드 동기화 프로그램 연습 4\스레드 동기화 프로그램 연습 4.csproj", "{6CD9368D-51B4-42BE-96A7-58CD94B5A1C8}"
EndProject
Project("{9A19103F-16F7-4668-BE54-9A1E7A4F7556}") = "cs 기반의 TCP 멀티스레드 서버 프로그램", "..\cs 기반의 TCP 멀티스레드 서버 프로그램\cs 기반의 TCP 멀티스레드 서버 프로그램.csproj", "{B621BEA3-956F-4241-AB5E-B98AC8BCEF3B}"
EndProject
Project("{9A19103F-16F7-4668-BE54-9A1E7A4F7556}") = "cs 기반의 TCP 클라이언트 프로그램", "..\cs 기반의 TCP 클라이언트 프로그램\cs 기반의 TCP 클라이언트 프로그램.csproj", "{FBC1FDDA-B885-4A4B-A002-E504352BEFE1}"
EndProject
Global
	GlobalSection(SolutionConfigurationPlatforms) = preSolution
		Debug|Any CPU = Debug|Any CPU
		Release|Any CPU = Release|Any CPU
	EndGlobalSection
	GlobalSection(ProjectConfigurationPlatforms) = postSolution
		{D8F2C3C2-5091-49C3-B7C5-073D2BF5C047}.Debug|Any CPU.ActiveCfg = Debug|Any CPU
		{D8F2C3C2-5091-49C3-B7C5-073D2BF5C047}.Debug|Any CPU.Build.0 = Debug|Any CPU
		{D8F2C3C2-5091-49C3-B7C5-073D2BF5C047}.Release|Any CPU.ActiveCfg = Release|Any CPU
		{D8F2C3C2-5091-49C3-B7C5-073D2BF5C047}.Release|Any CPU.Build.0 = Release|Any CPU
		{38E2895D-0FDB-43DD-9BDD-FF21B8A55D43}.Debug|Any CPU.ActiveCfg = Debug|Any CPU
		{38E2895D-0FDB-43DD-9BDD-FF21B8A55D43}.Debug|Any CPU.Build.0 = Debug|Any CPU
		{38E2895D-0FDB-43DD-9BDD-FF21B8A55D43}.Release|Any CPU.ActiveCfg = Release|Any CPU
		{38E2895D-0FDB-43DD-9BDD-FF21B8A55D43}.Release|Any CPU.Build.0 = Release|Any CPU
		{F6A1621E-81F1-4376-80F8-C2E135CF45CB}.Debug|Any CPU.ActiveCfg = Debug|Any CPU
		{F6A1621E-81F1-4376-80F8-C2E135CF45CB}.Debug|Any CPU.Build.0 = Debug|Any CPU
		{F6A1621E-81F1-4376-80F8-C2E135CF45CB}.Release|Any CPU.ActiveCfg = Release|Any CPU
		{F6A1621E-81F1-4376-80F8-C2E135CF45CB}.Release|Any CPU.Build.0 = Release|Any CPU
		{70087E7D-CFBE-4FFB-AED5-C04A73C90A21}.Debug|Any CPU.ActiveCfg = Debug|Any CPU
		{70087E7D-CFBE-4FFB-AED5-C04A73C90A21}.Debug|Any CPU.Build.0 = Debug|Any CPU
		{70087E7D-CFBE-4FFB-AED5-C04A73C90A21}.Release|Any CPU.ActiveCfg = Release|Any CPU
		{70087E7D-CFBE-4FFB-AED5-C04A73C90A21}.Release|Any CPU.Build.0 = Release|Any CPU
		{A60ED548-AF52-447E-9F36-AE62AE3A225D}.Debug|Any CPU.ActiveCfg = Debug|Any CPU
		{A60ED548-AF52-447E-9F36-AE62AE3A225D}.Debug|Any CPU.Build.0 = Debug|Any CPU
		{A60ED548-AF52-447E-9F36-AE62AE3A225D}.Release|Any CPU.ActiveCfg = Release|Any CPU
		{A60ED548-AF52-447E-9F36-AE62AE3A225D}.Release|Any CPU.Build.0 = Release|Any CPU
		{9F8B720C-A9F5-4621-8F1E-B8045454C645}.Debug|Any CPU.ActiveCfg = Debug|Any CPU
		{9F8B720C-A9F5-4621-8F1E-B8045454C645}.Debug|Any CPU.Build.0 = Debug|Any CPU
		{9F8B720C-A9F5-4621-8F1E-B8045454C645}.Release|Any CPU.ActiveCfg = Release|Any CPU
		{9F8B720C-A9F5-4621-8F1E-B8045454C645}.Release|Any CPU.Build.0 = Release|Any CPU
		{EBAF1B72-5970-4AF8-8B12-F9FC2F43A780}.Debug|Any CPU.ActiveCfg = Debug|Any CPU
		{EBAF1B72-5970-4AF8-8B12-F9FC2F43A780}.Debug|Any CPU.Build.0 = Debug|Any CPU
		{EBAF1B72-5970-4AF8-8B12-F9FC2F43A780}.Release|Any CPU.ActiveCfg = Release|Any CPU
		{EBAF1B72-5970-4AF8-8B12-F9FC2F43A780}.Release|Any CPU.Build.0 = Release|Any CPU
		{6CD9368D-51B4-42BE-96A7-58CD94B5A1C8}.Debug|Any CPU.ActiveCfg = Debug|Any CPU
		{6CD9368D-51B4-42BE-96A7-58CD94B5A1C8}.Debug|Any CPU.Build.0 = Debug|Any CPU
		{6CD9368D-51B4-42BE-96A7-58CD94B5A1C8}.Release|Any CPU.ActiveCfg = Release|Any CPU
		{6CD9368D-51B4-42BE-96A7-58CD94B5A1C8}.Release|Any CPU.Build.0 = Release|Any CPU
		{B621BEA3-956F-4241-AB5E-B98AC8BCEF3B}.Debug|Any CPU.ActiveCfg = Debug|Any CPU
		{B621BEA3-956F-4241-AB5E-B98AC8BCEF3B}.Debug|Any CPU.Build.0 = Debug|Any CPU
		{B621BEA3-956F-4241-AB5E-B98AC8BCEF3B}.Release|Any CPU.ActiveCfg = Release|Any CPU
		{B621BEA3-956F-4241-AB5E-B98AC8BCEF3B}.Release|Any CPU.Build.0 = Release|Any CPU
		{FBC1FDDA-B885-4A4B-A002-E504352BEFE1}.Debug|Any CPU.ActiveCfg = Debug|Any CPU
		{FBC1FDDA-B885-4A4B-A002-E504352BEFE1}.Debug|Any CPU.Build.0 = Debug|Any CPU
		{FBC1FDDA-B885-4A4B-A002-E504352BEFE1}.Release|Any CPU.ActiveCfg = Release|Any CPU
		{FBC1FDDA-B885-4A4B-A002-E504352BEFE1}.Release|Any CPU.Build.0 = Release|Any CPU
	EndGlobalSection
	GlobalSection(SolutionProperties) = preSolution
		HideSolutionNode = FALSE
	EndGlobalSection
	GlobalSection(ExtensibilityGlobals) = postSolution
		SolutionGuid = {0750243A-4281-4C02-982B-530E02C54DA4}
	EndGlobalSection
EndGlobal
