
Microsoft Visual Studio Solution File, Format Version 12.00
# Visual Studio Version 17
VisualStudioVersion = 17.3.32929.385
MinimumVisualStudioVersion = 10.0.40219.1
Project("{8BC9CEB8-8B4A-11D0-8D11-00A0C91BC942}") = "객체 제네릭", "객체 제네릭.vcxproj", "{AC9CBD9A-F32D-47F9-A2CE-DC2D89FD23BF}"
EndProject
Global
	GlobalSection(SolutionConfigurationPlatforms) = preSolution
		Debug|x64 = Debug|x64
		Debug|x86 = Debug|x86
		Release|x64 = Release|x64
		Release|x86 = Release|x86
	EndGlobalSection
	GlobalSection(ProjectConfigurationPlatforms) = postSolution
		{AC9CBD9A-F32D-47F9-A2CE-DC2D89FD23BF}.Debug|x64.ActiveCfg = Debug|x64
		{AC9CBD9A-F32D-47F9-A2CE-DC2D89FD23BF}.Debug|x64.Build.0 = Debug|x64
		{AC9CBD9A-F32D-47F9-A2CE-DC2D89FD23BF}.Debug|x86.ActiveCfg = Debug|Win32
		{AC9CBD9A-F32D-47F9-A2CE-DC2D89FD23BF}.Debug|x86.Build.0 = Debug|Win32
		{AC9CBD9A-F32D-47F9-A2CE-DC2D89FD23BF}.Release|x64.ActiveCfg = Release|x64
		{AC9CBD9A-F32D-47F9-A2CE-DC2D89FD23BF}.Release|x64.Build.0 = Release|x64
		{AC9CBD9A-F32D-47F9-A2CE-DC2D89FD23BF}.Release|x86.ActiveCfg = Release|Win32
		{AC9CBD9A-F32D-47F9-A2CE-DC2D89FD23BF}.Release|x86.Build.0 = Release|Win32
	EndGlobalSection
	GlobalSection(SolutionProperties) = preSolution
		HideSolutionNode = FALSE
	EndGlobalSection
	GlobalSection(ExtensibilityGlobals) = postSolution
		SolutionGuid = {613A838F-D15A-40D1-A040-37174F38A7B0}
	EndGlobalSection
EndGlobal
