
Microsoft Visual Studio Solution File, Format Version 12.00
# Visual Studio Version 17
VisualStudioVersion = 17.2.32526.322
MinimumVisualStudioVersion = 10.0.40219.1
Project("{FAE04EC0-301F-11D3-BF4B-00C04F79EFBC}") = "네트워크", "네트워크.csproj", "{886FEB31-67F1-4342-8488-121F8AEC3B38}"
EndProject
Global
	GlobalSection(SolutionConfigurationPlatforms) = preSolution
		Debug|Any CPU = Debug|Any CPU
		Release|Any CPU = Release|Any CPU
	EndGlobalSection
	GlobalSection(ProjectConfigurationPlatforms) = postSolution
		{886FEB31-67F1-4342-8488-121F8AEC3B38}.Debug|Any CPU.ActiveCfg = Debug|Any CPU
		{886FEB31-67F1-4342-8488-121F8AEC3B38}.Debug|Any CPU.Build.0 = Debug|Any CPU
		{886FEB31-67F1-4342-8488-121F8AEC3B38}.Release|Any CPU.ActiveCfg = Release|Any CPU
		{886FEB31-67F1-4342-8488-121F8AEC3B38}.Release|Any CPU.Build.0 = Release|Any CPU
	EndGlobalSection
	GlobalSection(SolutionProperties) = preSolution
		HideSolutionNode = FALSE
	EndGlobalSection
	GlobalSection(ExtensibilityGlobals) = postSolution
		SolutionGuid = {8285A87A-2CAD-40E4-A4F9-173C48C50CA9}
	EndGlobalSection
EndGlobal
