
Microsoft Visual Studio Solution File, Format Version 12.00
# Visual Studio Version 17
VisualStudioVersion = 17.1.32421.90
MinimumVisualStudioVersion = 10.0.40219.1
Project("{8BC9CEB8-8B4A-11D0-8D11-00A0C91BC942}") = "Cpp Mecro", "Cpp Mecro.vcxproj", "{E7B347A0-C83E-4165-88B9-36C7E0BD5730}"
EndProject
Global
	GlobalSection(SolutionConfigurationPlatforms) = preSolution
		Debug|x64 = Debug|x64
		Debug|x86 = Debug|x86
		Release|x64 = Release|x64
		Release|x86 = Release|x86
	EndGlobalSection
	GlobalSection(ProjectConfigurationPlatforms) = postSolution
		{E7B347A0-C83E-4165-88B9-36C7E0BD5730}.Debug|x64.ActiveCfg = Debug|x64
		{E7B347A0-C83E-4165-88B9-36C7E0BD5730}.Debug|x64.Build.0 = Debug|x64
		{E7B347A0-C83E-4165-88B9-36C7E0BD5730}.Debug|x86.ActiveCfg = Debug|Win32
		{E7B347A0-C83E-4165-88B9-36C7E0BD5730}.Debug|x86.Build.0 = Debug|Win32
		{E7B347A0-C83E-4165-88B9-36C7E0BD5730}.Release|x64.ActiveCfg = Release|x64
		{E7B347A0-C83E-4165-88B9-36C7E0BD5730}.Release|x64.Build.0 = Release|x64
		{E7B347A0-C83E-4165-88B9-36C7E0BD5730}.Release|x86.ActiveCfg = Release|Win32
		{E7B347A0-C83E-4165-88B9-36C7E0BD5730}.Release|x86.Build.0 = Release|Win32
	EndGlobalSection
	GlobalSection(SolutionProperties) = preSolution
		HideSolutionNode = FALSE
	EndGlobalSection
	GlobalSection(ExtensibilityGlobals) = postSolution
		SolutionGuid = {81933CE7-9CEC-4ED7-BFE3-4CDDA47B42A2}
	EndGlobalSection
EndGlobal
